// !$*UTF8*$!
{
	archiveVersion = 1;
	classes = {
	};
	objectVersion = 55;
	objects = {

/* Begin PBXBuildFile section */
		150E820E28778D790044A82D /* ChatScreenViewModel.swift in Sources */ = {isa = PBXBuildFile; fileRef = 150E820D28778D790044A82D /* ChatScreenViewModel.swift */; };
		15180B45287387CB001F3194 /* ContentView.swift in Sources */ = {isa = PBXBuildFile; fileRef = 15180B44287387CB001F3194 /* ContentView.swift */; };
		151A33D52865F0BC005F039B /* GoogleService-Info.plist in Resources */ = {isa = PBXBuildFile; fileRef = 151A33D42865F0BC005F039B /* GoogleService-Info.plist */; };
		151A33D72865F245005F039B /* FireBaseManager.swift in Sources */ = {isa = PBXBuildFile; fileRef = 151A33D62865F245005F039B /* FireBaseManager.swift */; };
		153382C92863CB9D00CACE3C /* FireChatApp.swift in Sources */ = {isa = PBXBuildFile; fileRef = 153382C82863CB9D00CACE3C /* FireChatApp.swift */; };
		153382CB2863CB9D00CACE3C /* LoginRegisterScreen.swift in Sources */ = {isa = PBXBuildFile; fileRef = 153382CA2863CB9D00CACE3C /* LoginRegisterScreen.swift */; };
		153382CD2863CB9E00CACE3C /* Assets.xcassets in Resources */ = {isa = PBXBuildFile; fileRef = 153382CC2863CB9E00CACE3C /* Assets.xcassets */; };
		153382D02863CB9E00CACE3C /* Preview Assets.xcassets in Resources */ = {isa = PBXBuildFile; fileRef = 153382CF2863CB9E00CACE3C /* Preview Assets.xcassets */; };
		1585AB032863D87A00957B30 /* LoginScreen.swift in Sources */ = {isa = PBXBuildFile; fileRef = 1585AB022863D87A00957B30 /* LoginScreen.swift */; };
		1585AB062863D94200957B30 /* CustomSecureField.swift in Sources */ = {isa = PBXBuildFile; fileRef = 1585AB052863D94200957B30 /* CustomSecureField.swift */; };
		1585AB0A2863DA0E00957B30 /* CustomTextField.swift in Sources */ = {isa = PBXBuildFile; fileRef = 1585AB092863DA0E00957B30 /* CustomTextField.swift */; };
		1585AB0D2863DC0F00957B30 /* ColorExtensions.swift in Sources */ = {isa = PBXBuildFile; fileRef = 1585AB0C2863DC0F00957B30 /* ColorExtensions.swift */; };
		1585AB0F2863DE5E00957B30 /* RegisterScreen.swift in Sources */ = {isa = PBXBuildFile; fileRef = 1585AB0E2863DE5E00957B30 /* RegisterScreen.swift */; };
		1585AB122863DECB00957B30 /* User.swift in Sources */ = {isa = PBXBuildFile; fileRef = 1585AB112863DECB00957B30 /* User.swift */; };
		158FB965286FA56900A1F902 /* ChatScreen.swift in Sources */ = {isa = PBXBuildFile; fileRef = 158FB964286FA56900A1F902 /* ChatScreen.swift */; };
		15B36CD8286E6F3B00E2ECB9 /* NewMessageScreen.swift in Sources */ = {isa = PBXBuildFile; fileRef = 15B36CD7286E6F3B00E2ECB9 /* NewMessageScreen.swift */; };
		15B36CDA286E756100E2ECB9 /* NewMessageScreenViewModel.swift in Sources */ = {isa = PBXBuildFile; fileRef = 15B36CD9286E756100E2ECB9 /* NewMessageScreenViewModel.swift */; };
		15BAA06C286A17D600B26884 /* MainMessages.swift in Sources */ = {isa = PBXBuildFile; fileRef = 15BAA06B286A17D600B26884 /* MainMessages.swift */; };
		15BAA06E286A22E100B26884 /* CustomNavBar.swift in Sources */ = {isa = PBXBuildFile; fileRef = 15BAA06D286A22E100B26884 /* CustomNavBar.swift */; };
		15BAA070286A247000B26884 /* MessageItem.swift in Sources */ = {isa = PBXBuildFile; fileRef = 15BAA06F286A247000B26884 /* MessageItem.swift */; };
		15BAA074286A3E4400B26884 /* MainMessagesViewModel.swift in Sources */ = {isa = PBXBuildFile; fileRef = 15BAA073286A3E4400B26884 /* MainMessagesViewModel.swift */; };
		15BAA077286A4D3A00B26884 /* SDWebImageSwiftUI in Frameworks */ = {isa = PBXBuildFile; productRef = 15BAA076286A4D3A00B26884 /* SDWebImageSwiftUI */; };
		15D41F99286880D2003686E3 /* ImagePicker.swift in Sources */ = {isa = PBXBuildFile; fileRef = 15D41F98286880D2003686E3 /* ImagePicker.swift */; };
		15D41F9F28689AF9003686E3 /* FirebaseAuth in Frameworks */ = {isa = PBXBuildFile; productRef = 15D41F9E28689AF9003686E3 /* FirebaseAuth */; };
		15D41FA128689AF9003686E3 /* FirebaseFirestore in Frameworks */ = {isa = PBXBuildFile; productRef = 15D41FA028689AF9003686E3 /* FirebaseFirestore */; };
		15D41FA328689AF9003686E3 /* FirebaseStorage in Frameworks */ = {isa = PBXBuildFile; productRef = 15D41FA228689AF9003686E3 /* FirebaseStorage */; };
/* End PBXBuildFile section */

/* Begin PBXFileReference section */
		150E820D28778D790044A82D /* ChatScreenViewModel.swift */ = {isa = PBXFileReference; lastKnownFileType = sourcecode.swift; path = ChatScreenViewModel.swift; sourceTree = "<group>"; };
		15180B44287387CB001F3194 /* ContentView.swift */ = {isa = PBXFileReference; lastKnownFileType = sourcecode.swift; path = ContentView.swift; sourceTree = "<group>"; };
		151A33D42865F0BC005F039B /* GoogleService-Info.plist */ = {isa = PBXFileReference; fileEncoding = 4; lastKnownFileType = text.plist.xml; path = "GoogleService-Info.plist"; sourceTree = "<group>"; };
		151A33D62865F245005F039B /* FireBaseManager.swift */ = {isa = PBXFileReference; lastKnownFileType = sourcecode.swift; path = FireBaseManager.swift; sourceTree = "<group>"; };
		153382C52863CB9D00CACE3C /* FireChat.app */ = {isa = PBXFileReference; explicitFileType = wrapper.application; includeInIndex = 0; path = FireChat.app; sourceTree = BUILT_PRODUCTS_DIR; };
		153382C82863CB9D00CACE3C /* FireChatApp.swift */ = {isa = PBXFileReference; lastKnownFileType = sourcecode.swift; path = FireChatApp.swift; sourceTree = "<group>"; };
		153382CA2863CB9D00CACE3C /* LoginRegisterScreen.swift */ = {isa = PBXFileReference; lastKnownFileType = sourcecode.swift; path = LoginRegisterScreen.swift; sourceTree = "<group>"; };
		153382CC2863CB9E00CACE3C /* Assets.xcassets */ = {isa = PBXFileReference; lastKnownFileType = folder.assetcatalog; path = Assets.xcassets; sourceTree = "<group>"; };
		153382CF2863CB9E00CACE3C /* Preview Assets.xcassets */ = {isa = PBXFileReference; lastKnownFileType = folder.assetcatalog; path = "Preview Assets.xcassets"; sourceTree = "<group>"; };
		1585AB022863D87A00957B30 /* LoginScreen.swift */ = {isa = PBXFileReference; lastKnownFileType = sourcecode.swift; path = LoginScreen.swift; sourceTree = "<group>"; };
		1585AB052863D94200957B30 /* CustomSecureField.swift */ = {isa = PBXFileReference; lastKnownFileType = sourcecode.swift; path = CustomSecureField.swift; sourceTree = "<group>"; };
		1585AB092863DA0E00957B30 /* CustomTextField.swift */ = {isa = PBXFileReference; lastKnownFileType = sourcecode.swift; path = CustomTextField.swift; sourceTree = "<group>"; };
		1585AB0C2863DC0F00957B30 /* ColorExtensions.swift */ = {isa = PBXFileReference; lastKnownFileType = sourcecode.swift; path = ColorExtensions.swift; sourceTree = "<group>"; };
		1585AB0E2863DE5E00957B30 /* RegisterScreen.swift */ = {isa = PBXFileReference; lastKnownFileType = sourcecode.swift; path = RegisterScreen.swift; sourceTree = "<group>"; };
		1585AB112863DECB00957B30 /* User.swift */ = {isa = PBXFileReference; lastKnownFileType = sourcecode.swift; path = User.swift; sourceTree = "<group>"; };
		158FB964286FA56900A1F902 /* ChatScreen.swift */ = {isa = PBXFileReference; lastKnownFileType = sourcecode.swift; path = ChatScreen.swift; sourceTree = "<group>"; };
		15B36CD7286E6F3B00E2ECB9 /* NewMessageScreen.swift */ = {isa = PBXFileReference; lastKnownFileType = sourcecode.swift; path = NewMessageScreen.swift; sourceTree = "<group>"; };
		15B36CD9286E756100E2ECB9 /* NewMessageScreenViewModel.swift */ = {isa = PBXFileReference; lastKnownFileType = sourcecode.swift; path = NewMessageScreenViewModel.swift; sourceTree = "<group>"; };
		15BAA06B286A17D600B26884 /* MainMessages.swift */ = {isa = PBXFileReference; lastKnownFileType = sourcecode.swift; path = MainMessages.swift; sourceTree = "<group>"; };
		15BAA06D286A22E100B26884 /* CustomNavBar.swift */ = {isa = PBXFileReference; lastKnownFileType = sourcecode.swift; path = CustomNavBar.swift; sourceTree = "<group>"; };
		15BAA06F286A247000B26884 /* MessageItem.swift */ = {isa = PBXFileReference; lastKnownFileType = sourcecode.swift; path = MessageItem.swift; sourceTree = "<group>"; };
		15BAA073286A3E4400B26884 /* MainMessagesViewModel.swift */ = {isa = PBXFileReference; lastKnownFileType = sourcecode.swift; path = MainMessagesViewModel.swift; sourceTree = "<group>"; };
		15D41F98286880D2003686E3 /* ImagePicker.swift */ = {isa = PBXFileReference; lastKnownFileType = sourcecode.swift; path = ImagePicker.swift; sourceTree = "<group>"; };
/* End PBXFileReference section */

/* Begin PBXFrameworksBuildPhase section */
		153382C22863CB9D00CACE3C /* Frameworks */ = {
			isa = PBXFrameworksBuildPhase;
			buildActionMask = 2147483647;
			files = (
				15BAA077286A4D3A00B26884 /* SDWebImageSwiftUI in Frameworks */,
				15D41F9F28689AF9003686E3 /* FirebaseAuth in Frameworks */,
				15D41FA128689AF9003686E3 /* FirebaseFirestore in Frameworks */,
				15D41FA328689AF9003686E3 /* FirebaseStorage in Frameworks */,
			);
			runOnlyForDeploymentPostprocessing = 0;
		};
/* End PBXFrameworksBuildPhase section */

/* Begin PBXGroup section */
		151A33D92865FB86005F039B /* Network */ = {
			isa = PBXGroup;
			children = (
				151A33D62865F245005F039B /* FireBaseManager.swift */,
			);
			path = Network;
			sourceTree = "<group>";
		};
		153382BC2863CB9D00CACE3C = {
			isa = PBXGroup;
			children = (
				153382C72863CB9D00CACE3C /* FireChat */,
				153382C62863CB9D00CACE3C /* Products */,
			);
			sourceTree = "<group>";
		};
		153382C62863CB9D00CACE3C /* Products */ = {
			isa = PBXGroup;
			children = (
				153382C52863CB9D00CACE3C /* FireChat.app */,
			);
			name = Products;
			sourceTree = "<group>";
		};
		153382C72863CB9D00CACE3C /* FireChat */ = {
			isa = PBXGroup;
			children = (
				153382C82863CB9D00CACE3C /* FireChatApp.swift */,
				15180B44287387CB001F3194 /* ContentView.swift */,
				151A33D92865FB86005F039B /* Network */,
				1585AB102863DEC300957B30 /* Models */,
				1585AB0B2863DC0200957B30 /* Extensions */,
				1585AB012863D72C00957B30 /* Screens */,
				153382CE2863CB9E00CACE3C /* Preview Content */,
				15D41F97286880BF003686E3 /* Helpers */,
				153382CC2863CB9E00CACE3C /* Assets.xcassets */,
				151A33D42865F0BC005F039B /* GoogleService-Info.plist */,
			);
			path = FireChat;
			sourceTree = "<group>";
		};
		153382CE2863CB9E00CACE3C /* Preview Content */ = {
			isa = PBXGroup;
			children = (
				153382CF2863CB9E00CACE3C /* Preview Assets.xcassets */,
			);
			path = "Preview Content";
			sourceTree = "<group>";
		};
		1585AB012863D72C00957B30 /* Screens */ = {
			isa = PBXGroup;
			children = (
				15BAA069286A175600B26884 /* LoginRegisterScreens */,
				15BAA06A286A178D00B26884 /* MainMessageScreen */,
				15B36CD6286E6F1700E2ECB9 /* NewMessageScreen */,
			);
			path = Screens;
			sourceTree = "<group>";
		};
		1585AB042863D91400957B30 /* StartScreenSubViews */ = {
			isa = PBXGroup;
			children = (
				1585AB052863D94200957B30 /* CustomSecureField.swift */,
				1585AB092863DA0E00957B30 /* CustomTextField.swift */,
			);
			path = StartScreenSubViews;
			sourceTree = "<group>";
		};
		1585AB0B2863DC0200957B30 /* Extensions */ = {
			isa = PBXGroup;
			children = (
				1585AB0C2863DC0F00957B30 /* ColorExtensions.swift */,
			);
			path = Extensions;
			sourceTree = "<group>";
		};
		1585AB102863DEC300957B30 /* Models */ = {
			isa = PBXGroup;
			children = (
				1585AB112863DECB00957B30 /* User.swift */,
			);
			path = Models;
			sourceTree = "<group>";
		};
		15B36CD6286E6F1700E2ECB9 /* NewMessageScreen */ = {
			isa = PBXGroup;
			children = (
				15B36CD9286E756100E2ECB9 /* NewMessageScreenViewModel.swift */,
				15B36CD7286E6F3B00E2ECB9 /* NewMessageScreen.swift */,
			);
			path = NewMessageScreen;
			sourceTree = "<group>";
		};
		15BAA069286A175600B26884 /* LoginRegisterScreens */ = {
			isa = PBXGroup;
			children = (
				153382CA2863CB9D00CACE3C /* LoginRegisterScreen.swift */,
				1585AB0E2863DE5E00957B30 /* RegisterScreen.swift */,
				1585AB022863D87A00957B30 /* LoginScreen.swift */,
				1585AB042863D91400957B30 /* StartScreenSubViews */,
			);
			path = LoginRegisterScreens;
			sourceTree = "<group>";
		};
		15BAA06A286A178D00B26884 /* MainMessageScreen */ = {
			isa = PBXGroup;
			children = (
				15BAA073286A3E4400B26884 /* MainMessagesViewModel.swift */,
				15BAA06B286A17D600B26884 /* MainMessages.swift */,
				15BAA06F286A247000B26884 /* MessageItem.swift */,
				15BAA06D286A22E100B26884 /* CustomNavBar.swift */,
				158FB964286FA56900A1F902 /* ChatScreen.swift */,
				150E820D28778D790044A82D /* ChatScreenViewModel.swift */,
			);
			path = MainMessageScreen;
			sourceTree = "<group>";
		};
		15D41F97286880BF003686E3 /* Helpers */ = {
			isa = PBXGroup;
			children = (
				15D41F98286880D2003686E3 /* ImagePicker.swift */,
			);
			path = Helpers;
			sourceTree = "<group>";
		};
/* End PBXGroup section */

/* Begin PBXNativeTarget section */
		153382C42863CB9D00CACE3C /* FireChat */ = {
			isa = PBXNativeTarget;
			buildConfigurationList = 153382D32863CB9E00CACE3C /* Build configuration list for PBXNativeTarget "FireChat" */;
			buildPhases = (
				153382C12863CB9D00CACE3C /* Sources */,
				153382C22863CB9D00CACE3C /* Frameworks */,
				153382C32863CB9D00CACE3C /* Resources */,
			);
			buildRules = (
			);
			dependencies = (
			);
			name = FireChat;
			packageProductDependencies = (
				15D41F9E28689AF9003686E3 /* FirebaseAuth */,
				15D41FA028689AF9003686E3 /* FirebaseFirestore */,
				15D41FA228689AF9003686E3 /* FirebaseStorage */,
				15BAA076286A4D3A00B26884 /* SDWebImageSwiftUI */,
			);
			productName = FireChat;
			productReference = 153382C52863CB9D00CACE3C /* FireChat.app */;
			productType = "com.apple.product-type.application";
		};
/* End PBXNativeTarget section */

/* Begin PBXProject section */
		153382BD2863CB9D00CACE3C /* Project object */ = {
			isa = PBXProject;
			attributes = {
				BuildIndependentTargetsInParallel = 1;
				LastSwiftUpdateCheck = 1340;
				LastUpgradeCheck = 1340;
				TargetAttributes = {
					153382C42863CB9D00CACE3C = {
						CreatedOnToolsVersion = 13.4.1;
					};
				};
			};
			buildConfigurationList = 153382C02863CB9D00CACE3C /* Build configuration list for PBXProject "FireChat" */;
			compatibilityVersion = "Xcode 13.0";
			developmentRegion = en;
			hasScannedForEncodings = 0;
			knownRegions = (
				en,
				Base,
			);
			mainGroup = 153382BC2863CB9D00CACE3C;
			packageReferences = (
				15D41F9D28689AF9003686E3 /* XCRemoteSwiftPackageReference "firebase-ios-sdk" */,
				15BAA075286A4D3A00B26884 /* XCRemoteSwiftPackageReference "SDWebImageSwiftUI" */,
			);
			productRefGroup = 153382C62863CB9D00CACE3C /* Products */;
			projectDirPath = "";
			projectRoot = "";
			targets = (
				153382C42863CB9D00CACE3C /* FireChat */,
			);
		};
/* End PBXProject section */

/* Begin PBXResourcesBuildPhase section */
		153382C32863CB9D00CACE3C /* Resources */ = {
			isa = PBXResourcesBuildPhase;
			buildActionMask = 2147483647;
			files = (
				153382D02863CB9E00CACE3C /* Preview Assets.xcassets in Resources */,
				153382CD2863CB9E00CACE3C /* Assets.xcassets in Resources */,
				151A33D52865F0BC005F039B /* GoogleService-Info.plist in Resources */,
			);
			runOnlyForDeploymentPostprocessing = 0;
		};
/* End PBXResourcesBuildPhase section */

/* Begin PBXSourcesBuildPhase section */
		153382C12863CB9D00CACE3C /* Sources */ = {
			isa = PBXSourcesBuildPhase;
			buildActionMask = 2147483647;
			files = (
				15B36CD8286E6F3B00E2ECB9 /* NewMessageScreen.swift in Sources */,
				151A33D72865F245005F039B /* FireBaseManager.swift in Sources */,
				1585AB062863D94200957B30 /* CustomSecureField.swift in Sources */,
				15BAA070286A247000B26884 /* MessageItem.swift in Sources */,
				153382CB2863CB9D00CACE3C /* LoginRegisterScreen.swift in Sources */,
				153382C92863CB9D00CACE3C /* FireChatApp.swift in Sources */,
				150E820E28778D790044A82D /* ChatScreenViewModel.swift in Sources */,
				1585AB0F2863DE5E00957B30 /* RegisterScreen.swift in Sources */,
				158FB965286FA56900A1F902 /* ChatScreen.swift in Sources */,
				15180B45287387CB001F3194 /* ContentView.swift in Sources */,
				15B36CDA286E756100E2ECB9 /* NewMessageScreenViewModel.swift in Sources */,
				1585AB122863DECB00957B30 /* User.swift in Sources */,
				15BAA06E286A22E100B26884 /* CustomNavBar.swift in Sources */,
				15BAA06C286A17D600B26884 /* MainMessages.swift in Sources */,
				1585AB032863D87A00957B30 /* LoginScreen.swift in Sources */,
				15D41F99286880D2003686E3 /* ImagePicker.swift in Sources */,
				1585AB0A2863DA0E00957B30 /* CustomTextField.swift in Sources */,
				1585AB0D2863DC0F00957B30 /* ColorExtensions.swift in Sources */,
				15BAA074286A3E4400B26884 /* MainMessagesViewModel.swift in Sources */,
			);
			runOnlyForDeploymentPostprocessing = 0;
		};
/* End PBXSourcesBuildPhase section */

/* Begin XCBuildConfiguration section */
		153382D12863CB9E00CACE3C /* Debug */ = {
			isa = XCBuildConfiguration;
			buildSettings = {
				ALWAYS_SEARCH_USER_PATHS = NO;
				CLANG_ANALYZER_NONNULL = YES;
				CLANG_ANALYZER_NUMBER_OBJECT_CONVERSION = YES_AGGRESSIVE;
				CLANG_CXX_LANGUAGE_STANDARD = "gnu++17";
				CLANG_ENABLE_MODULES = YES;
				CLANG_ENABLE_OBJC_ARC = YES;
				CLANG_ENABLE_OBJC_WEAK = YES;
				CLANG_WARN_BLOCK_CAPTURE_AUTORELEASING = YES;
				CLANG_WARN_BOOL_CONVERSION = YES;
				CLANG_WARN_COMMA = YES;
				CLANG_WARN_CONSTANT_CONVERSION = YES;
				CLANG_WARN_DEPRECATED_OBJC_IMPLEMENTATIONS = YES;
				CLANG_WARN_DIRECT_OBJC_ISA_USAGE = YES_ERROR;
				CLANG_WARN_DOCUMENTATION_COMMENTS = YES;
				CLANG_WARN_EMPTY_BODY = YES;
				CLANG_WARN_ENUM_CONVERSION = YES;
				CLANG_WARN_INFINITE_RECURSION = YES;
				CLANG_WARN_INT_CONVERSION = YES;
				CLANG_WARN_NON_LITERAL_NULL_CONVERSION = YES;
				CLANG_WARN_OBJC_IMPLICIT_RETAIN_SELF = YES;
				CLANG_WARN_OBJC_LITERAL_CONVERSION = YES;
				CLANG_WARN_OBJC_ROOT_CLASS = YES_ERROR;
				CLANG_WARN_QUOTED_INCLUDE_IN_FRAMEWORK_HEADER = YES;
				CLANG_WARN_RANGE_LOOP_ANALYSIS = YES;
				CLANG_WARN_STRICT_PROTOTYPES = YES;
				CLANG_WARN_SUSPICIOUS_MOVE = YES;
				CLANG_WARN_UNGUARDED_AVAILABILITY = YES_AGGRESSIVE;
				CLANG_WARN_UNREACHABLE_CODE = YES;
				CLANG_WARN__DUPLICATE_METHOD_MATCH = YES;
				COPY_PHASE_STRIP = NO;
				DEBUG_INFORMATION_FORMAT = dwarf;
				ENABLE_STRICT_OBJC_MSGSEND = YES;
				ENABLE_TESTABILITY = YES;
				GCC_C_LANGUAGE_STANDARD = gnu11;
				GCC_DYNAMIC_NO_PIC = NO;
				GCC_NO_COMMON_BLOCKS = YES;
				GCC_OPTIMIZATION_LEVEL = 0;
				GCC_PREPROCESSOR_DEFINITIONS = (
					"DEBUG=1",
					"$(inherited)",
				);
				GCC_WARN_64_TO_32_BIT_CONVERSION = YES;
				GCC_WARN_ABOUT_RETURN_TYPE = YES_ERROR;
				GCC_WARN_UNDECLARED_SELECTOR = YES;
				GCC_WARN_UNINITIALIZED_AUTOS = YES_AGGRESSIVE;
				GCC_WARN_UNUSED_FUNCTION = YES;
				GCC_WARN_UNUSED_VARIABLE = YES;
				IPHONEOS_DEPLOYMENT_TARGET = 15.5;
				MTL_ENABLE_DEBUG_INFO = INCLUDE_SOURCE;
				MTL_FAST_MATH = YES;
				ONLY_ACTIVE_ARCH = YES;
				SDKROOT = iphoneos;
				SWIFT_ACTIVE_COMPILATION_CONDITIONS = DEBUG;
				SWIFT_OPTIMIZATION_LEVEL = "-Onone";
			};
			name = Debug;
		};
		153382D22863CB9E00CACE3C /* Release */ = {
			isa = XCBuildConfiguration;
			buildSettings = {
				ALWAYS_SEARCH_USER_PATHS = NO;
				CLANG_ANALYZER_NONNULL = YES;
				CLANG_ANALYZER_NUMBER_OBJECT_CONVERSION = YES_AGGRESSIVE;
				CLANG_CXX_LANGUAGE_STANDARD = "gnu++17";
				CLANG_ENABLE_MODULES = YES;
				CLANG_ENABLE_OBJC_ARC = YES;
				CLANG_ENABLE_OBJC_WEAK = YES;
				CLANG_WARN_BLOCK_CAPTURE_AUTORELEASING = YES;
				CLANG_WARN_BOOL_CONVERSION = YES;
				CLANG_WARN_COMMA = YES;
				CLANG_WARN_CONSTANT_CONVERSION = YES;
				CLANG_WARN_DEPRECATED_OBJC_IMPLEMENTATIONS = YES;
				CLANG_WARN_DIRECT_OBJC_ISA_USAGE = YES_ERROR;
				CLANG_WARN_DOCUMENTATION_COMMENTS = YES;
				CLANG_WARN_EMPTY_BODY = YES;
				CLANG_WARN_ENUM_CONVERSION = YES;
				CLANG_WARN_INFINITE_RECURSION = YES;
				CLANG_WARN_INT_CONVERSION = YES;
				CLANG_WARN_NON_LITERAL_NULL_CONVERSION = YES;
				CLANG_WARN_OBJC_IMPLICIT_RETAIN_SELF = YES;
				CLANG_WARN_OBJC_LITERAL_CONVERSION = YES;
				CLANG_WARN_OBJC_ROOT_CLASS = YES_ERROR;
				CLANG_WARN_QUOTED_INCLUDE_IN_FRAMEWORK_HEADER = YES;
				CLANG_WARN_RANGE_LOOP_ANALYSIS = YES;
				CLANG_WARN_STRICT_PROTOTYPES = YES;
				CLANG_WARN_SUSPICIOUS_MOVE = YES;
				CLANG_WARN_UNGUARDED_AVAILABILITY = YES_AGGRESSIVE;
				CLANG_WARN_UNREACHABLE_CODE = YES;
				CLANG_WARN__DUPLICATE_METHOD_MATCH = YES;
				COPY_PHASE_STRIP = NO;
				DEBUG_INFORMATION_FORMAT = "dwarf-with-dsym";
				ENABLE_NS_ASSERTIONS = NO;
				ENABLE_STRICT_OBJC_MSGSEND = YES;
				GCC_C_LANGUAGE_STANDARD = gnu11;
				GCC_NO_COMMON_BLOCKS = YES;
				GCC_WARN_64_TO_32_BIT_CONVERSION = YES;
				GCC_WARN_ABOUT_RETURN_TYPE = YES_ERROR;
				GCC_WARN_UNDECLARED_SELECTOR = YES;
				GCC_WARN_UNINITIALIZED_AUTOS = YES_AGGRESSIVE;
				GCC_WARN_UNUSED_FUNCTION = YES;
				GCC_WARN_UNUSED_VARIABLE = YES;
				IPHONEOS_DEPLOYMENT_TARGET = 15.5;
				MTL_ENABLE_DEBUG_INFO = NO;
				MTL_FAST_MATH = YES;
				SDKROOT = iphoneos;
				SWIFT_COMPILATION_MODE = wholemodule;
				SWIFT_OPTIMIZATION_LEVEL = "-O";
				VALIDATE_PRODUCT = YES;
			};
			name = Release;
		};
		153382D42863CB9E00CACE3C /* Debug */ = {
			isa = XCBuildConfiguration;
			buildSettings = {
				ASSETCATALOG_COMPILER_APPICON_NAME = AppIcon;
				ASSETCATALOG_COMPILER_GLOBAL_ACCENT_COLOR_NAME = AccentColor;
				CODE_SIGN_STYLE = Automatic;
				CURRENT_PROJECT_VERSION = 1;
				DEVELOPMENT_ASSET_PATHS = "\"FireChat/Preview Content\"";
				DEVELOPMENT_TEAM = 6H545JDNRG;
				ENABLE_PREVIEWS = YES;
				GENERATE_INFOPLIST_FILE = YES;
				INFOPLIST_KEY_UIApplicationSceneManifest_Generation = YES;
				INFOPLIST_KEY_UIApplicationSupportsIndirectInputEvents = YES;
				INFOPLIST_KEY_UILaunchScreen_Generation = YES;
				INFOPLIST_KEY_UISupportedInterfaceOrientations_iPad = "UIInterfaceOrientationPortrait UIInterfaceOrientationPortraitUpsideDown UIInterfaceOrientationLandscapeLeft UIInterfaceOrientationLandscapeRight";
				INFOPLIST_KEY_UISupportedInterfaceOrientations_iPhone = "UIInterfaceOrientationPortrait UIInterfaceOrientationLandscapeLeft UIInterfaceOrientationLandscapeRight";
				LD_RUNPATH_SEARCH_PATHS = (
					"$(inherited)",
					"@executable_path/Frameworks",
				);
				MARKETING_VERSION = 1.0;
				PRODUCT_BUNDLE_IDENTIFIER = com.alpsu.FireChat;
				PRODUCT_NAME = "$(TARGET_NAME)";
				SWIFT_EMIT_LOC_STRINGS = YES;
				SWIFT_VERSION = 5.0;
				TARGETED_DEVICE_FAMILY = "1,2";
			};
			name = Debug;
		};
		153382D52863CB9E00CACE3C /* Release */ = {
			isa = XCBuildConfiguration;
			buildSettings = {
				ASSETCATALOG_COMPILER_APPICON_NAME = AppIcon;
				ASSETCATALOG_COMPILER_GLOBAL_ACCENT_COLOR_NAME = AccentColor;
				CODE_SIGN_STYLE = Automatic;
				CURRENT_PROJECT_VERSION = 1;
				DEVELOPMENT_ASSET_PATHS = "\"FireChat/Preview Content\"";
				DEVELOPMENT_TEAM = 6H545JDNRG;
				ENABLE_PREVIEWS = YES;
				GENERATE_INFOPLIST_FILE = YES;
				INFOPLIST_KEY_UIApplicationSceneManifest_Generation = YES;
				INFOPLIST_KEY_UIApplicationSupportsIndirectInputEvents = YES;
				INFOPLIST_KEY_UILaunchScreen_Generation = YES;
				INFOPLIST_KEY_UISupportedInterfaceOrientations_iPad = "UIInterfaceOrientationPortrait UIInterfaceOrientationPortraitUpsideDown UIInterfaceOrientationLandscapeLeft UIInterfaceOrientationLandscapeRight";
				INFOPLIST_KEY_UISupportedInterfaceOrientations_iPhone = "UIInterfaceOrientationPortrait UIInterfaceOrientationLandscapeLeft UIInterfaceOrientationLandscapeRight";
				LD_RUNPATH_SEARCH_PATHS = (
					"$(inherited)",
					"@executable_path/Frameworks",
				);
				MARKETING_VERSION = 1.0;
				PRODUCT_BUNDLE_IDENTIFIER = com.alpsu.FireChat;
				PRODUCT_NAME = "$(TARGET_NAME)";
				SWIFT_EMIT_LOC_STRINGS = YES;
				SWIFT_VERSION = 5.0;
				TARGETED_DEVICE_FAMILY = "1,2";
			};
			name = Release;
		};
/* End XCBuildConfiguration section */

/* Begin XCConfigurationList section */
		153382C02863CB9D00CACE3C /* Build configuration list for PBXProject "FireChat" */ = {
			isa = XCConfigurationList;
			buildConfigurations = (
				153382D12863CB9E00CACE3C /* Debug */,
				153382D22863CB9E00CACE3C /* Release */,
			);
			defaultConfigurationIsVisible = 0;
			defaultConfigurationName = Release;
		};
		153382D32863CB9E00CACE3C /* Build configuration list for PBXNativeTarget "FireChat" */ = {
			isa = XCConfigurationList;
			buildConfigurations = (
				153382D42863CB9E00CACE3C /* Debug */,
				153382D52863CB9E00CACE3C /* Release */,
			);
			defaultConfigurationIsVisible = 0;
			defaultConfigurationName = Release;
		};
/* End XCConfigurationList section */

/* Begin XCRemoteSwiftPackageReference section */
		15BAA075286A4D3A00B26884 /* XCRemoteSwiftPackageReference "SDWebImageSwiftUI" */ = {
			isa = XCRemoteSwiftPackageReference;
			repositoryURL = "https://github.com/SDWebImage/SDWebImageSwiftUI";
			requirement = {
				kind = upToNextMajorVersion;
				minimumVersion = 2.0.0;
			};
		};
		15D41F9D28689AF9003686E3 /* XCRemoteSwiftPackageReference "firebase-ios-sdk" */ = {
			isa = XCRemoteSwiftPackageReference;
			repositoryURL = "https://github.com/firebase/firebase-ios-sdk.git";
			requirement = {
				kind = upToNextMajorVersion;
				minimumVersion = 9.0.0;
			};
		};
/* End XCRemoteSwiftPackageReference section */

/* Begin XCSwiftPackageProductDependency section */
		15BAA076286A4D3A00B26884 /* SDWebImageSwiftUI */ = {
			isa = XCSwiftPackageProductDependency;
			package = 15BAA075286A4D3A00B26884 /* XCRemoteSwiftPackageReference "SDWebImageSwiftUI" */;
			productName = SDWebImageSwiftUI;
		};
		15D41F9E28689AF9003686E3 /* FirebaseAuth */ = {
			isa = XCSwiftPackageProductDependency;
			package = 15D41F9D28689AF9003686E3 /* XCRemoteSwiftPackageReference "firebase-ios-sdk" */;
			productName = FirebaseAuth;
		};
		15D41FA028689AF9003686E3 /* FirebaseFirestore */ = {
			isa = XCSwiftPackageProductDependency;
			package = 15D41F9D28689AF9003686E3 /* XCRemoteSwiftPackageReference "firebase-ios-sdk" */;
			productName = FirebaseFirestore;
		};
		15D41FA228689AF9003686E3 /* FirebaseStorage */ = {
			isa = XCSwiftPackageProductDependency;
			package = 15D41F9D28689AF9003686E3 /* XCRemoteSwiftPackageReference "firebase-ios-sdk" */;
			productName = FirebaseStorage;
		};
/* End XCSwiftPackageProductDependency section */
	};
	rootObject = 153382BD2863CB9D00CACE3C /* Project object */;
}
